
Microsoft Visual Studio Solution File, Format Version 12.00
# Visual Studio Version 17
VisualStudioVersion = 17.5.33414.496
MinimumVisualStudioVersion = 10.0.40219.1
Project("{FAE04EC0-301F-11D3-BF4B-00C04F79EFBC}") = "ControllersExample", "ControllersExample\ControllersExample.csproj", "{0B7EEAA1-9457-43E8-8508-89EE556FC303}"
EndProject
Global
	GlobalSection(SolutionConfigurationPlatforms) = preSolution
		Debug|Any CPU = Debug|Any CPU
		Release|Any CPU = Release|Any CPU
	EndGlobalSection
	GlobalSection(ProjectConfigurationPlatforms) = postSolution
		{0B7EEAA1-9457-43E8-8508-89EE556FC303}.Debug|Any CPU.ActiveCfg = Debug|Any CPU
		{0B7EEAA1-9457-43E8-8508-89EE556FC303}.Debug|Any CPU.Build.0 = Debug|Any CPU
		{0B7EEAA1-9457-43E8-8508-89EE556FC303}.Release|Any CPU.ActiveCfg = Release|Any CPU
		{0B7EEAA1-9457-43E8-8508-89EE556FC303}.Release|Any CPU.Build.0 = Release|Any CPU
	EndGlobalSection
	GlobalSection(SolutionProperties) = preSolution
		HideSolutionNode = FALSE
	EndGlobalSection
	GlobalSection(ExtensibilityGlobals) = postSolution
		SolutionGuid = {D4697403-F8C1-47B0-AA22-02FDEC740807}
	EndGlobalSection
EndGlobal
