
Microsoft Visual Studio Solution File, Format Version 12.00
# Visual Studio Version 17
VisualStudioVersion = 17.5.33414.496
MinimumVisualStudioVersion = 10.0.40219.1
Project("{FAE04EC0-301F-11D3-BF4B-00C04F79EFBC}") = "EnvironmentsExample", "EnvironmentsExample\EnvironmentsExample.csproj", "{7937511F-6103-4234-93BF-2BA85D166D74}"
EndProject
Global
	GlobalSection(SolutionConfigurationPlatforms) = preSolution
		Debug|Any CPU = Debug|Any CPU
		Release|Any CPU = Release|Any CPU
	EndGlobalSection
	GlobalSection(ProjectConfigurationPlatforms) = postSolution
		{7937511F-6103-4234-93BF-2BA85D166D74}.Debug|Any CPU.ActiveCfg = Debug|Any CPU
		{7937511F-6103-4234-93BF-2BA85D166D74}.Debug|Any CPU.Build.0 = Debug|Any CPU
		{7937511F-6103-4234-93BF-2BA85D166D74}.Release|Any CPU.ActiveCfg = Release|Any CPU
		{7937511F-6103-4234-93BF-2BA85D166D74}.Release|Any CPU.Build.0 = Release|Any CPU
	EndGlobalSection
	GlobalSection(SolutionProperties) = preSolution
		HideSolutionNode = FALSE
	EndGlobalSection
	GlobalSection(ExtensibilityGlobals) = postSolution
		SolutionGuid = {05197A5F-B14D-4A2C-8A93-005A7426DD4B}
	EndGlobalSection
EndGlobal
