
Microsoft Visual Studio Solution File, Format Version 12.00
# Visual Studio Version 17
VisualStudioVersion = 17.5.33414.496
MinimumVisualStudioVersion = 10.0.40219.1
Project("{FAE04EC0-301F-11D3-BF4B-00C04F79EFBC}") = "IActionResultExample", "IActionResultExample\IActionResultExample.csproj", "{401C9A12-749D-4B42-8CE4-58F324C6D1D2}"
EndProject
Global
	GlobalSection(SolutionConfigurationPlatforms) = preSolution
		Debug|Any CPU = Debug|Any CPU
		Release|Any CPU = Release|Any CPU
	EndGlobalSection
	GlobalSection(ProjectConfigurationPlatforms) = postSolution
		{401C9A12-749D-4B42-8CE4-58F324C6D1D2}.Debug|Any CPU.ActiveCfg = Debug|Any CPU
		{401C9A12-749D-4B42-8CE4-58F324C6D1D2}.Debug|Any CPU.Build.0 = Debug|Any CPU
		{401C9A12-749D-4B42-8CE4-58F324C6D1D2}.Release|Any CPU.ActiveCfg = Release|Any CPU
		{401C9A12-749D-4B42-8CE4-58F324C6D1D2}.Release|Any CPU.Build.0 = Release|Any CPU
	EndGlobalSection
	GlobalSection(SolutionProperties) = preSolution
		HideSolutionNode = FALSE
	EndGlobalSection
	GlobalSection(ExtensibilityGlobals) = postSolution
		SolutionGuid = {29EA33E6-20C9-48F6-B226-8F56E818D5A8}
	EndGlobalSection
EndGlobal
